
Microsoft Visual Studio Solution File, Format Version 12.00
# Visual Studio 15
VisualStudioVersion = 15.0.26124.0
MinimumVisualStudioVersion = 15.0.26124.0
Project("{FAE04EC0-301F-11D3-BF4B-00C04F79EFBC}") = "Booking.Domain", "Booking.Domain\Booking.Domain.csproj", "{EA0319FF-4389-4CA4-8D73-00065B1CA005}"
EndProject
Project("{FAE04EC0-301F-11D3-BF4B-00C04F79EFBC}") = "Booking.Application", "Booking.Application\Booking.Application.csproj", "{24724C22-FB87-4AB9-B474-8DA02ADF8CB2}"
EndProject
Project("{FAE04EC0-301F-11D3-BF4B-00C04F79EFBC}") = "Booking.Infrastructure", "Booking.Infrastructure\Booking.Infrastructure.csproj", "{379986F7-4C35-42B5-B0A1-0F825B0F820A}"
EndProject
Project("{FAE04EC0-301F-11D3-BF4B-00C04F79EFBC}") = "Booking.Api", "Booking.Api\Booking.Api.csproj", "{868B8692-1751-4416-8BE4-89CB9F4E40A2}"
EndProject
Project("{FAE04EC0-301F-11D3-BF4B-00C04F79EFBC}") = "Booking.Tests", "Booking.Tests\Booking.Tests.csproj", "{FCB14626-44DF-41A9-BD42-189EE006BB25}"
EndProject
Global
	GlobalSection(SolutionConfigurationPlatforms) = preSolution
		Debug|Any CPU = Debug|Any CPU
		Debug|x64 = Debug|x64
		Debug|x86 = Debug|x86
		Release|Any CPU = Release|Any CPU
		Release|x64 = Release|x64
		Release|x86 = Release|x86
	EndGlobalSection
	GlobalSection(ProjectConfigurationPlatforms) = postSolution
		{EA0319FF-4389-4CA4-8D73-00065B1CA005}.Debug|Any CPU.ActiveCfg = Debug|Any CPU
		{EA0319FF-4389-4CA4-8D73-00065B1CA005}.Debug|Any CPU.Build.0 = Debug|Any CPU
		{EA0319FF-4389-4CA4-8D73-00065B1CA005}.Debug|x64.ActiveCfg = Debug|Any CPU
		{EA0319FF-4389-4CA4-8D73-00065B1CA005}.Debug|x64.Build.0 = Debug|Any CPU
		{EA0319FF-4389-4CA4-8D73-00065B1CA005}.Debug|x86.ActiveCfg = Debug|Any CPU
		{EA0319FF-4389-4CA4-8D73-00065B1CA005}.Debug|x86.Build.0 = Debug|Any CPU
		{EA0319FF-4389-4CA4-8D73-00065B1CA005}.Release|Any CPU.ActiveCfg = Release|Any CPU
		{EA0319FF-4389-4CA4-8D73-00065B1CA005}.Release|Any CPU.Build.0 = Release|Any CPU
		{EA0319FF-4389-4CA4-8D73-00065B1CA005}.Release|x64.ActiveCfg = Release|Any CPU
		{EA0319FF-4389-4CA4-8D73-00065B1CA005}.Release|x64.Build.0 = Release|Any CPU
		{EA0319FF-4389-4CA4-8D73-00065B1CA005}.Release|x86.ActiveCfg = Release|Any CPU
		{EA0319FF-4389-4CA4-8D73-00065B1CA005}.Release|x86.Build.0 = Release|Any CPU
		{24724C22-FB87-4AB9-B474-8DA02ADF8CB2}.Debug|Any CPU.ActiveCfg = Debug|Any CPU
		{24724C22-FB87-4AB9-B474-8DA02ADF8CB2}.Debug|Any CPU.Build.0 = Debug|Any CPU
		{24724C22-FB87-4AB9-B474-8DA02ADF8CB2}.Debug|x64.ActiveCfg = Debug|Any CPU
		{24724C22-FB87-4AB9-B474-8DA02ADF8CB2}.Debug|x64.Build.0 = Debug|Any CPU
		{24724C22-FB87-4AB9-B474-8DA02ADF8CB2}.Debug|x86.ActiveCfg = Debug|Any CPU
		{24724C22-FB87-4AB9-B474-8DA02ADF8CB2}.Debug|x86.Build.0 = Debug|Any CPU
		{24724C22-FB87-4AB9-B474-8DA02ADF8CB2}.Release|Any CPU.ActiveCfg = Release|Any CPU
		{24724C22-FB87-4AB9-B474-8DA02ADF8CB2}.Release|Any CPU.Build.0 = Release|Any CPU
		{24724C22-FB87-4AB9-B474-8DA02ADF8CB2}.Release|x64.ActiveCfg = Release|Any CPU
		{24724C22-FB87-4AB9-B474-8DA02ADF8CB2}.Release|x64.Build.0 = Release|Any CPU
		{24724C22-FB87-4AB9-B474-8DA02ADF8CB2}.Release|x86.ActiveCfg = Release|Any CPU
		{24724C22-FB87-4AB9-B474-8DA02ADF8CB2}.Release|x86.Build.0 = Release|Any CPU
		{379986F7-4C35-42B5-B0A1-0F825B0F820A}.Debug|Any CPU.ActiveCfg = Debug|Any CPU
		{379986F7-4C35-42B5-B0A1-0F825B0F820A}.Debug|Any CPU.Build.0 = Debug|Any CPU
		{379986F7-4C35-42B5-B0A1-0F825B0F820A}.Debug|x64.ActiveCfg = Debug|Any CPU
		{379986F7-4C35-42B5-B0A1-0F825B0F820A}.Debug|x64.Build.0 = Debug|Any CPU
		{379986F7-4C35-42B5-B0A1-0F825B0F820A}.Debug|x86.ActiveCfg = Debug|Any CPU
		{379986F7-4C35-42B5-B0A1-0F825B0F820A}.Debug|x86.Build.0 = Debug|Any CPU
		{379986F7-4C35-42B5-B0A1-0F825B0F820A}.Release|Any CPU.ActiveCfg = Release|Any CPU
		{379986F7-4C35-42B5-B0A1-0F825B0F820A}.Release|Any CPU.Build.0 = Release|Any CPU
		{379986F7-4C35-42B5-B0A1-0F825B0F820A}.Release|x64.ActiveCfg = Release|Any CPU
		{379986F7-4C35-42B5-B0A1-0F825B0F820A}.Release|x64.Build.0 = Release|Any CPU
		{379986F7-4C35-42B5-B0A1-0F825B0F820A}.Release|x86.ActiveCfg = Release|Any CPU
		{379986F7-4C35-42B5-B0A1-0F825B0F820A}.Release|x86.Build.0 = Release|Any CPU
		{868B8692-1751-4416-8BE4-89CB9F4E40A2}.Debug|Any CPU.ActiveCfg = Debug|Any CPU
		{868B8692-1751-4416-8BE4-89CB9F4E40A2}.Debug|Any CPU.Build.0 = Debug|Any CPU
		{868B8692-1751-4416-8BE4-89CB9F4E40A2}.Debug|x64.ActiveCfg = Debug|Any CPU
		{868B8692-1751-4416-8BE4-89CB9F4E40A2}.Debug|x64.Build.0 = Debug|Any CPU
		{868B8692-1751-4416-8BE4-89CB9F4E40A2}.Debug|x86.ActiveCfg = Debug|Any CPU
		{868B8692-1751-4416-8BE4-89CB9F4E40A2}.Debug|x86.Build.0 = Debug|Any CPU
		{868B8692-1751-4416-8BE4-89CB9F4E40A2}.Release|Any CPU.ActiveCfg = Release|Any CPU
		{868B8692-1751-4416-8BE4-89CB9F4E40A2}.Release|Any CPU.Build.0 = Release|Any CPU
		{868B8692-1751-4416-8BE4-89CB9F4E40A2}.Release|x64.ActiveCfg = Release|Any CPU
		{868B8692-1751-4416-8BE4-89CB9F4E40A2}.Release|x64.Build.0 = Release|Any CPU
		{868B8692-1751-4416-8BE4-89CB9F4E40A2}.Release|x86.ActiveCfg = Release|Any CPU
		{868B8692-1751-4416-8BE4-89CB9F4E40A2}.Release|x86.Build.0 = Release|Any CPU
		{FCB14626-44DF-41A9-BD42-189EE006BB25}.Debug|Any CPU.ActiveCfg = Debug|Any CPU
		{FCB14626-44DF-41A9-BD42-189EE006BB25}.Debug|Any CPU.Build.0 = Debug|Any CPU
		{FCB14626-44DF-41A9-BD42-189EE006BB25}.Debug|x64.ActiveCfg = Debug|Any CPU
		{FCB14626-44DF-41A9-BD42-189EE006BB25}.Debug|x64.Build.0 = Debug|Any CPU
		{FCB14626-44DF-41A9-BD42-189EE006BB25}.Debug|x86.ActiveCfg = Debug|Any CPU
		{FCB14626-44DF-41A9-BD42-189EE006BB25}.Debug|x86.Build.0 = Debug|Any CPU
		{FCB14626-44DF-41A9-BD42-189EE006BB25}.Release|Any CPU.ActiveCfg = Release|Any CPU
		{FCB14626-44DF-41A9-BD42-189EE006BB25}.Release|Any CPU.Build.0 = Release|Any CPU
		{FCB14626-44DF-41A9-BD42-189EE006BB25}.Release|x64.ActiveCfg = Release|Any CPU
		{FCB14626-44DF-41A9-BD42-189EE006BB25}.Release|x64.Build.0 = Release|Any CPU
		{FCB14626-44DF-41A9-BD42-189EE006BB25}.Release|x86.ActiveCfg = Release|Any CPU
		{FCB14626-44DF-41A9-BD42-189EE006BB25}.Release|x86.Build.0 = Release|Any CPU
	EndGlobalSection
	GlobalSection(SolutionProperties) = preSolution
		HideSolutionNode = FALSE
	EndGlobalSection
EndGlobal
